
Microsoft Visual Studio Solution File, Format Version 12.00
# Visual Studio Version 16
VisualStudioVersion = 16.0.29306.81
MinimumVisualStudioVersion = 10.0.40219.1
Project("{8BC9CEB8-8B4A-11D0-8D11-00A0C91BC942}") = "Ch11Lab", "Ch11Lab\Ch11Lab.vcxproj", "{2551ACD5-3E7D-4F75-9267-A99705E2B1BB}"
EndProject
Global
	GlobalSection(SolutionConfigurationPlatforms) = preSolution
		Debug|x64 = Debug|x64
		Debug|x86 = Debug|x86
		Release|x64 = Release|x64
		Release|x86 = Release|x86
	EndGlobalSection
	GlobalSection(ProjectConfigurationPlatforms) = postSolution
		{2551ACD5-3E7D-4F75-9267-A99705E2B1BB}.Debug|x64.ActiveCfg = Debug|x64
		{2551ACD5-3E7D-4F75-9267-A99705E2B1BB}.Debug|x64.Build.0 = Debug|x64
		{2551ACD5-3E7D-4F75-9267-A99705E2B1BB}.Debug|x86.ActiveCfg = Debug|Win32
		{2551ACD5-3E7D-4F75-9267-A99705E2B1BB}.Debug|x86.Build.0 = Debug|Win32
		{2551ACD5-3E7D-4F75-9267-A99705E2B1BB}.Release|x64.ActiveCfg = Release|x64
		{2551ACD5-3E7D-4F75-9267-A99705E2B1BB}.Release|x64.Build.0 = Release|x64
		{2551ACD5-3E7D-4F75-9267-A99705E2B1BB}.Release|x86.ActiveCfg = Release|Win32
		{2551ACD5-3E7D-4F75-9267-A99705E2B1BB}.Release|x86.Build.0 = Release|Win32
	EndGlobalSection
	GlobalSection(SolutionProperties) = preSolution
		HideSolutionNode = FALSE
	EndGlobalSection
	GlobalSection(ExtensibilityGlobals) = postSolution
		SolutionGuid = {A09ECC01-B557-46BA-904E-E3E575103163}
	EndGlobalSection
EndGlobal
